
Microsoft Visual Studio Solution File, Format Version 12.00
# Visual Studio Version 16
VisualStudioVersion = 16.0.29609.76
MinimumVisualStudioVersion = 10.0.40219.1
Project("{9092AA53-FB77-4645-B42D-1CCCA6BD08BD}") = "ECA", "ECA.njsproj", "{716210E9-795C-470C-A3F6-28FE8921C5EC}"
EndProject
Global
	GlobalSection(SolutionConfigurationPlatforms) = preSolution
		Debug|Any CPU = Debug|Any CPU
		Release|Any CPU = Release|Any CPU
	EndGlobalSection
	GlobalSection(ProjectConfigurationPlatforms) = postSolution
		{716210E9-795C-470C-A3F6-28FE8921C5EC}.Debug|Any CPU.ActiveCfg = Debug|Any CPU
		{716210E9-795C-470C-A3F6-28FE8921C5EC}.Debug|Any CPU.Build.0 = Debug|Any CPU
		{716210E9-795C-470C-A3F6-28FE8921C5EC}.Release|Any CPU.ActiveCfg = Release|Any CPU
		{716210E9-795C-470C-A3F6-28FE8921C5EC}.Release|Any CPU.Build.0 = Release|Any CPU
	EndGlobalSection
	GlobalSection(SolutionProperties) = preSolution
		HideSolutionNode = FALSE
	EndGlobalSection
	GlobalSection(ExtensibilityGlobals) = postSolution
		SolutionGuid = {63558B0A-AD09-4520-A5AE-24FE341EEA71}
	EndGlobalSection
EndGlobal
